// !$*UTF8*$!
{
	archiveVersion = 1;
	classes = {
	};
	objectVersion = 50;
	objects = {

/* Begin PBXBuildFile section */
		75AE522FD6E81EBDB6378ECD /* Pods_octave_client_tvTests.framework in Frameworks */ = {isa = PBXBuildFile; fileRef = 7088BF5F7A35F035654D13F2 /* Pods_octave_client_tvTests.framework */; };
		852FA2EE7783FC6A0B6D8EB7 /* Pods_octave_client_tv.framework in Frameworks */ = {isa = PBXBuildFile; fileRef = 111CB7BA1E06602A6841B3AC /* Pods_octave_client_tv.framework */; };
		E4704296221D49A100472DE1 /* AppDelegate.swift in Sources */ = {isa = PBXBuildFile; fileRef = E4704295221D49A100472DE1 /* AppDelegate.swift */; };
		E4704298221D49A100472DE1 /* ViewController.swift in Sources */ = {isa = PBXBuildFile; fileRef = E4704297221D49A100472DE1 /* ViewController.swift */; };
		E470429B221D49A100472DE1 /* Main.storyboard in Resources */ = {isa = PBXBuildFile; fileRef = E4704299221D49A100472DE1 /* Main.storyboard */; };
		E470429D221D49A200472DE1 /* Assets.xcassets in Resources */ = {isa = PBXBuildFile; fileRef = E470429C221D49A200472DE1 /* Assets.xcassets */; };
		E47042A0221D49A200472DE1 /* LaunchScreen.storyboard in Resources */ = {isa = PBXBuildFile; fileRef = E470429E221D49A200472DE1 /* LaunchScreen.storyboard */; };
		E47042AB221D49A200472DE1 /* octave_client_tvTests.swift in Sources */ = {isa = PBXBuildFile; fileRef = E47042AA221D49A200472DE1 /* octave_client_tvTests.swift */; };
/* End PBXBuildFile section */

/* Begin PBXContainerItemProxy section */
		E47042A7221D49A200472DE1 /* PBXContainerItemProxy */ = {
			isa = PBXContainerItemProxy;
			containerPortal = E470428A221D49A100472DE1 /* Project object */;
			proxyType = 1;
			remoteGlobalIDString = E4704291221D49A100472DE1;
			remoteInfo = octave_client_tv;
		};
/* End PBXContainerItemProxy section */

/* Begin PBXFileReference section */
		111CB7BA1E06602A6841B3AC /* Pods_octave_client_tv.framework */ = {isa = PBXFileReference; explicitFileType = wrapper.framework; includeInIndex = 0; path = Pods_octave_client_tv.framework; sourceTree = BUILT_PRODUCTS_DIR; };
		5A292D4A02B2F50DABBC4515 /* Pods-octave_client_tvTests.debug.xcconfig */ = {isa = PBXFileReference; includeInIndex = 1; lastKnownFileType = text.xcconfig; name = "Pods-octave_client_tvTests.debug.xcconfig"; path = "Pods/Target Support Files/Pods-octave_client_tvTests/Pods-octave_client_tvTests.debug.xcconfig"; sourceTree = "<group>"; };
		7088BF5F7A35F035654D13F2 /* Pods_octave_client_tvTests.framework */ = {isa = PBXFileReference; explicitFileType = wrapper.framework; includeInIndex = 0; path = Pods_octave_client_tvTests.framework; sourceTree = BUILT_PRODUCTS_DIR; };
		BFC96A3841ACACB1BCD4F7C0 /* Pods-octave_client_tv.debug.xcconfig */ = {isa = PBXFileReference; includeInIndex = 1; lastKnownFileType = text.xcconfig; name = "Pods-octave_client_tv.debug.xcconfig"; path = "Pods/Target Support Files/Pods-octave_client_tv/Pods-octave_client_tv.debug.xcconfig"; sourceTree = "<group>"; };
		CA9C46E75F82FD739A70F26C /* Pods-octave_client_tv.release.xcconfig */ = {isa = PBXFileReference; includeInIndex = 1; lastKnownFileType = text.xcconfig; name = "Pods-octave_client_tv.release.xcconfig"; path = "Pods/Target Support Files/Pods-octave_client_tv/Pods-octave_client_tv.release.xcconfig"; sourceTree = "<group>"; };
		E4704292221D49A100472DE1 /* octave_client_tv.app */ = {isa = PBXFileReference; explicitFileType = wrapper.application; includeInIndex = 0; path = octave_client_tv.app; sourceTree = BUILT_PRODUCTS_DIR; };
		E4704295221D49A100472DE1 /* AppDelegate.swift */ = {isa = PBXFileReference; lastKnownFileType = sourcecode.swift; path = AppDelegate.swift; sourceTree = "<group>"; };
		E4704297221D49A100472DE1 /* ViewController.swift */ = {isa = PBXFileReference; lastKnownFileType = sourcecode.swift; path = ViewController.swift; sourceTree = "<group>"; };
		E470429A221D49A100472DE1 /* Base */ = {isa = PBXFileReference; lastKnownFileType = file.storyboard; name = Base; path = Base.lproj/Main.storyboard; sourceTree = "<group>"; };
		E470429C221D49A200472DE1 /* Assets.xcassets */ = {isa = PBXFileReference; lastKnownFileType = folder.assetcatalog; path = Assets.xcassets; sourceTree = "<group>"; };
		E470429F221D49A200472DE1 /* Base */ = {isa = PBXFileReference; lastKnownFileType = file.storyboard; name = Base; path = Base.lproj/LaunchScreen.storyboard; sourceTree = "<group>"; };
		E47042A1221D49A200472DE1 /* Info.plist */ = {isa = PBXFileReference; lastKnownFileType = text.plist.xml; path = Info.plist; sourceTree = "<group>"; };
		E47042A6221D49A200472DE1 /* octave_client_tvTests.xctest */ = {isa = PBXFileReference; explicitFileType = wrapper.cfbundle; includeInIndex = 0; path = octave_client_tvTests.xctest; sourceTree = BUILT_PRODUCTS_DIR; };
		E47042AA221D49A200472DE1 /* octave_client_tvTests.swift */ = {isa = PBXFileReference; lastKnownFileType = sourcecode.swift; path = octave_client_tvTests.swift; sourceTree = "<group>"; };
		E47042AC221D49A200472DE1 /* Info.plist */ = {isa = PBXFileReference; lastKnownFileType = text.plist.xml; path = Info.plist; sourceTree = "<group>"; };
		F044E80123CA5CF1EE71EEAE /* Pods-octave_client_tvTests.release.xcconfig */ = {isa = PBXFileReference; includeInIndex = 1; lastKnownFileType = text.xcconfig; name = "Pods-octave_client_tvTests.release.xcconfig"; path = "Pods/Target Support Files/Pods-octave_client_tvTests/Pods-octave_client_tvTests.release.xcconfig"; sourceTree = "<group>"; };
/* End PBXFileReference section */

/* Begin PBXFrameworksBuildPhase section */
		E470428F221D49A100472DE1 /* Frameworks */ = {
			isa = PBXFrameworksBuildPhase;
			buildActionMask = 2147483647;
			files = (
				852FA2EE7783FC6A0B6D8EB7 /* Pods_octave_client_tv.framework in Frameworks */,
			);
			runOnlyForDeploymentPostprocessing = 0;
		};
		E47042A3221D49A200472DE1 /* Frameworks */ = {
			isa = PBXFrameworksBuildPhase;
			buildActionMask = 2147483647;
			files = (
				75AE522FD6E81EBDB6378ECD /* Pods_octave_client_tvTests.framework in Frameworks */,
			);
			runOnlyForDeploymentPostprocessing = 0;
		};
/* End PBXFrameworksBuildPhase section */

/* Begin PBXGroup section */
		79AD5C9406C39AF2956C6343 /* Pods */ = {
			isa = PBXGroup;
			children = (
				BFC96A3841ACACB1BCD4F7C0 /* Pods-octave_client_tv.debug.xcconfig */,
				CA9C46E75F82FD739A70F26C /* Pods-octave_client_tv.release.xcconfig */,
				5A292D4A02B2F50DABBC4515 /* Pods-octave_client_tvTests.debug.xcconfig */,
				F044E80123CA5CF1EE71EEAE /* Pods-octave_client_tvTests.release.xcconfig */,
			);
			name = Pods;
			sourceTree = "<group>";
		};
		E4704289221D49A100472DE1 = {
			isa = PBXGroup;
			children = (
				E4704294221D49A100472DE1 /* octave_client_tv */,
				E47042A9221D49A200472DE1 /* octave_client_tvTests */,
				E4704293221D49A100472DE1 /* Products */,
				79AD5C9406C39AF2956C6343 /* Pods */,
				FFDFA9A73F8582F4B2DE8A13 /* Frameworks */,
			);
			sourceTree = "<group>";
		};
		E4704293221D49A100472DE1 /* Products */ = {
			isa = PBXGroup;
			children = (
				E4704292221D49A100472DE1 /* octave_client_tv.app */,
				E47042A6221D49A200472DE1 /* octave_client_tvTests.xctest */,
			);
			name = Products;
			sourceTree = "<group>";
		};
		E4704294221D49A100472DE1 /* octave_client_tv */ = {
			isa = PBXGroup;
			children = (
				E4704295221D49A100472DE1 /* AppDelegate.swift */,
				E4704297221D49A100472DE1 /* ViewController.swift */,
				E4704299221D49A100472DE1 /* Main.storyboard */,
				E470429C221D49A200472DE1 /* Assets.xcassets */,
				E470429E221D49A200472DE1 /* LaunchScreen.storyboard */,
				E47042A1221D49A200472DE1 /* Info.plist */,
			);
			path = octave_client_tv;
			sourceTree = "<group>";
		};
		E47042A9221D49A200472DE1 /* octave_client_tvTests */ = {
			isa = PBXGroup;
			children = (
				E47042AA221D49A200472DE1 /* octave_client_tvTests.swift */,
				E47042AC221D49A200472DE1 /* Info.plist */,
			);
			path = octave_client_tvTests;
			sourceTree = "<group>";
		};
		FFDFA9A73F8582F4B2DE8A13 /* Frameworks */ = {
			isa = PBXGroup;
			children = (
				111CB7BA1E06602A6841B3AC /* Pods_octave_client_tv.framework */,
				7088BF5F7A35F035654D13F2 /* Pods_octave_client_tvTests.framework */,
			);
			name = Frameworks;
			sourceTree = "<group>";
		};
/* End PBXGroup section */

/* Begin PBXNativeTarget section */
		E4704291221D49A100472DE1 /* octave_client_tv */ = {
			isa = PBXNativeTarget;
			buildConfigurationList = E47042AF221D49A200472DE1 /* Build configuration list for PBXNativeTarget "octave_client_tv" */;
			buildPhases = (
				3DE8B00E417F06C1F06AB2C7 /* [CP] Check Pods Manifest.lock */,
				E470428E221D49A100472DE1 /* Sources */,
				E470428F221D49A100472DE1 /* Frameworks */,
				E4704290221D49A100472DE1 /* Resources */,
				A12EAE0C88328B3C592EB92E /* [CP] Embed Pods Frameworks */,
			);
			buildRules = (
			);
			dependencies = (
			);
			name = octave_client_tv;
			productName = octave_client_tv;
			productReference = E4704292221D49A100472DE1 /* octave_client_tv.app */;
			productType = "com.apple.product-type.application";
		};
		E47042A5221D49A200472DE1 /* octave_client_tvTests */ = {
			isa = PBXNativeTarget;
			buildConfigurationList = E47042B2221D49A200472DE1 /* Build configuration list for PBXNativeTarget "octave_client_tvTests" */;
			buildPhases = (
				64E3E81E295831177F17F585 /* [CP] Check Pods Manifest.lock */,
				E47042A2221D49A200472DE1 /* Sources */,
				E47042A3221D49A200472DE1 /* Frameworks */,
				E47042A4221D49A200472DE1 /* Resources */,
			);
			buildRules = (
			);
			dependencies = (
				E47042A8221D49A200472DE1 /* PBXTargetDependency */,
			);
			name = octave_client_tvTests;
			productName = octave_client_tvTests;
			productReference = E47042A6221D49A200472DE1 /* octave_client_tvTests.xctest */;
			productType = "com.apple.product-type.bundle.unit-test";
		};
/* End PBXNativeTarget section */

/* Begin PBXProject section */
		E470428A221D49A100472DE1 /* Project object */ = {
			isa = PBXProject;
			attributes = {
				LastSwiftUpdateCheck = 1010;
				LastUpgradeCheck = 1010;
				ORGANIZATIONNAME = "Théo Pazzaglia";
				TargetAttributes = {
					E4704291221D49A100472DE1 = {
						CreatedOnToolsVersion = 10.1;
					};
					E47042A5221D49A200472DE1 = {
						CreatedOnToolsVersion = 10.1;
						TestTargetID = E4704291221D49A100472DE1;
					};
				};
			};
			buildConfigurationList = E470428D221D49A100472DE1 /* Build configuration list for PBXProject "octave_client_tv" */;
			compatibilityVersion = "Xcode 9.3";
			developmentRegion = en;
			hasScannedForEncodings = 0;
			knownRegions = (
				en,
				Base,
			);
			mainGroup = E4704289221D49A100472DE1;
			productRefGroup = E4704293221D49A100472DE1 /* Products */;
			projectDirPath = "";
			projectRoot = "";
			targets = (
				E4704291221D49A100472DE1 /* octave_client_tv */,
				E47042A5221D49A200472DE1 /* octave_client_tvTests */,
			);
		};
/* End PBXProject section */

/* Begin PBXResourcesBuildPhase section */
		E4704290221D49A100472DE1 /* Resources */ = {
			isa = PBXResourcesBuildPhase;
			buildActionMask = 2147483647;
			files = (
				E47042A0221D49A200472DE1 /* LaunchScreen.storyboard in Resources */,
				E470429D221D49A200472DE1 /* Assets.xcassets in Resources */,
				E470429B221D49A100472DE1 /* Main.storyboard in Resources */,
			);
			runOnlyForDeploymentPostprocessing = 0;
		};
		E47042A4221D49A200472DE1 /* Resources */ = {
			isa = PBXResourcesBuildPhase;
			buildActionMask = 2147483647;
			files = (
			);
			runOnlyForDeploymentPostprocessing = 0;
		};
/* End PBXResourcesBuildPhase section */

/* Begin PBXShellScriptBuildPhase section */
		3DE8B00E417F06C1F06AB2C7 /* [CP] Check Pods Manifest.lock */ = {
			isa = PBXShellScriptBuildPhase;
			buildActionMask = 2147483647;
			files = (
			);
			inputFileListPaths = (
			);
			inputPaths = (
				"${PODS_PODFILE_DIR_PATH}/Podfile.lock",
				"${PODS_ROOT}/Manifest.lock",
			);
			name = "[CP] Check Pods Manifest.lock";
			outputFileListPaths = (
			);
			outputPaths = (
				"$(DERIVED_FILE_DIR)/Pods-octave_client_tv-checkManifestLockResult.txt",
			);
			runOnlyForDeploymentPostprocessing = 0;
			shellPath = /bin/sh;
			shellScript = "diff \"${PODS_PODFILE_DIR_PATH}/Podfile.lock\" \"${PODS_ROOT}/Manifest.lock\" > /dev/null\nif [ $? != 0 ] ; then\n    # print error to STDERR\n    echo \"error: The sandbox is not in sync with the Podfile.lock. Run 'pod install' or update your CocoaPods installation.\" >&2\n    exit 1\nfi\n# This output is used by Xcode 'outputs' to avoid re-running this script phase.\necho \"SUCCESS\" > \"${SCRIPT_OUTPUT_FILE_0}\"\n";
			showEnvVarsInLog = 0;
		};
		64E3E81E295831177F17F585 /* [CP] Check Pods Manifest.lock */ = {
			isa = PBXShellScriptBuildPhase;
			buildActionMask = 2147483647;
			files = (
			);
			inputFileListPaths = (
			);
			inputPaths = (
				"${PODS_PODFILE_DIR_PATH}/Podfile.lock",
				"${PODS_ROOT}/Manifest.lock",
			);
			name = "[CP] Check Pods Manifest.lock";
			outputFileListPaths = (
			);
			outputPaths = (
				"$(DERIVED_FILE_DIR)/Pods-octave_client_tvTests-checkManifestLockResult.txt",
			);
			runOnlyForDeploymentPostprocessing = 0;
			shellPath = /bin/sh;
			shellScript = "diff \"${PODS_PODFILE_DIR_PATH}/Podfile.lock\" \"${PODS_ROOT}/Manifest.lock\" > /dev/null\nif [ $? != 0 ] ; then\n    # print error to STDERR\n    echo \"error: The sandbox is not in sync with the Podfile.lock. Run 'pod install' or update your CocoaPods installation.\" >&2\n    exit 1\nfi\n# This output is used by Xcode 'outputs' to avoid re-running this script phase.\necho \"SUCCESS\" > \"${SCRIPT_OUTPUT_FILE_0}\"\n";
			showEnvVarsInLog = 0;
		};
		A12EAE0C88328B3C592EB92E /* [CP] Embed Pods Frameworks */ = {
			isa = PBXShellScriptBuildPhase;
			buildActionMask = 2147483647;
			files = (
			);
			inputFileListPaths = (
			);
			inputPaths = (
				"${SRCROOT}/Pods/Target Support Files/Pods-octave_client_tv/Pods-octave_client_tv-frameworks.sh",
				"${BUILT_PRODUCTS_DIR}/SABlurImageView/SABlurImageView.framework",
				"${BUILT_PRODUCTS_DIR}/VisualEffectView/VisualEffectView.framework",
			);
			name = "[CP] Embed Pods Frameworks";
			outputFileListPaths = (
			);
			outputPaths = (
				"${TARGET_BUILD_DIR}/${FRAMEWORKS_FOLDER_PATH}/SABlurImageView.framework",
				"${TARGET_BUILD_DIR}/${FRAMEWORKS_FOLDER_PATH}/VisualEffectView.framework",
			);
			runOnlyForDeploymentPostprocessing = 0;
			shellPath = /bin/sh;
			shellScript = "\"${SRCROOT}/Pods/Target Support Files/Pods-octave_client_tv/Pods-octave_client_tv-frameworks.sh\"\n";
			showEnvVarsInLog = 0;
		};
/* End PBXShellScriptBuildPhase section */

/* Begin PBXSourcesBuildPhase section */
		E470428E221D49A100472DE1 /* Sources */ = {
			isa = PBXSourcesBuildPhase;
			buildActionMask = 2147483647;
			files = (
				E4704298221D49A100472DE1 /* ViewController.swift in Sources */,
				E4704296221D49A100472DE1 /* AppDelegate.swift in Sources */,
			);
			runOnlyForDeploymentPostprocessing = 0;
		};
		E47042A2221D49A200472DE1 /* Sources */ = {
			isa = PBXSourcesBuildPhase;
			buildActionMask = 2147483647;
			files = (
				E47042AB221D49A200472DE1 /* octave_client_tvTests.swift in Sources */,
			);
			runOnlyForDeploymentPostprocessing = 0;
		};
/* End PBXSourcesBuildPhase section */

/* Begin PBXTargetDependency section */
		E47042A8221D49A200472DE1 /* PBXTargetDependency */ = {
			isa = PBXTargetDependency;
			target = E4704291221D49A100472DE1 /* octave_client_tv */;
			targetProxy = E47042A7221D49A200472DE1 /* PBXContainerItemProxy */;
		};
/* End PBXTargetDependency section */

/* Begin PBXVariantGroup section */
		E4704299221D49A100472DE1 /* Main.storyboard */ = {
			isa = PBXVariantGroup;
			children = (
				E470429A221D49A100472DE1 /* Base */,
			);
			name = Main.storyboard;
			sourceTree = "<group>";
		};
		E470429E221D49A200472DE1 /* LaunchScreen.storyboard */ = {
			isa = PBXVariantGroup;
			children = (
				E470429F221D49A200472DE1 /* Base */,
			);
			name = LaunchScreen.storyboard;
			sourceTree = "<group>";
		};
/* End PBXVariantGroup section */

/* Begin XCBuildConfiguration section */
		E47042AD221D49A200472DE1 /* Debug */ = {
			isa = XCBuildConfiguration;
			buildSettings = {
				ALWAYS_SEARCH_USER_PATHS = NO;
				CLANG_ANALYZER_NONNULL = YES;
				CLANG_ANALYZER_NUMBER_OBJECT_CONVERSION = YES_AGGRESSIVE;
				CLANG_CXX_LANGUAGE_STANDARD = "gnu++14";
				CLANG_CXX_LIBRARY = "libc++";
				CLANG_ENABLE_MODULES = YES;
				CLANG_ENABLE_OBJC_ARC = YES;
				CLANG_ENABLE_OBJC_WEAK = YES;
				CLANG_WARN_BLOCK_CAPTURE_AUTORELEASING = YES;
				CLANG_WARN_BOOL_CONVERSION = YES;
				CLANG_WARN_COMMA = YES;
				CLANG_WARN_CONSTANT_CONVERSION = YES;
				CLANG_WARN_DEPRECATED_OBJC_IMPLEMENTATIONS = YES;
				CLANG_WARN_DIRECT_OBJC_ISA_USAGE = YES_ERROR;
				CLANG_WARN_DOCUMENTATION_COMMENTS = YES;
				CLANG_WARN_EMPTY_BODY = YES;
				CLANG_WARN_ENUM_CONVERSION = YES;
				CLANG_WARN_INFINITE_RECURSION = YES;
				CLANG_WARN_INT_CONVERSION = YES;
				CLANG_WARN_NON_LITERAL_NULL_CONVERSION = YES;
				CLANG_WARN_OBJC_IMPLICIT_RETAIN_SELF = YES;
				CLANG_WARN_OBJC_LITERAL_CONVERSION = YES;
				CLANG_WARN_OBJC_ROOT_CLASS = YES_ERROR;
				CLANG_WARN_RANGE_LOOP_ANALYSIS = YES;
				CLANG_WARN_STRICT_PROTOTYPES = YES;
				CLANG_WARN_SUSPICIOUS_MOVE = YES;
				CLANG_WARN_UNGUARDED_AVAILABILITY = YES_AGGRESSIVE;
				CLANG_WARN_UNREACHABLE_CODE = YES;
				CLANG_WARN__DUPLICATE_METHOD_MATCH = YES;
				CODE_SIGN_IDENTITY = "iPhone Developer";
				COPY_PHASE_STRIP = NO;
				DEBUG_INFORMATION_FORMAT = dwarf;
				ENABLE_STRICT_OBJC_MSGSEND = YES;
				ENABLE_TESTABILITY = YES;
				GCC_C_LANGUAGE_STANDARD = gnu11;
				GCC_DYNAMIC_NO_PIC = NO;
				GCC_NO_COMMON_BLOCKS = YES;
				GCC_OPTIMIZATION_LEVEL = 0;
				GCC_PREPROCESSOR_DEFINITIONS = (
					"DEBUG=1",
					"$(inherited)",
				);
				GCC_WARN_64_TO_32_BIT_CONVERSION = YES;
				GCC_WARN_ABOUT_RETURN_TYPE = YES_ERROR;
				GCC_WARN_UNDECLARED_SELECTOR = YES;
				GCC_WARN_UNINITIALIZED_AUTOS = YES_AGGRESSIVE;
				GCC_WARN_UNUSED_FUNCTION = YES;
				GCC_WARN_UNUSED_VARIABLE = YES;
				IPHONEOS_DEPLOYMENT_TARGET = 12.1;
				MTL_ENABLE_DEBUG_INFO = INCLUDE_SOURCE;
				MTL_FAST_MATH = YES;
				ONLY_ACTIVE_ARCH = YES;
				SDKROOT = iphoneos;
				SWIFT_ACTIVE_COMPILATION_CONDITIONS = DEBUG;
				SWIFT_OPTIMIZATION_LEVEL = "-Onone";
			};
			name = Debug;
		};
		E47042AE221D49A200472DE1 /* Release */ = {
			isa = XCBuildConfiguration;
			buildSettings = {
				ALWAYS_SEARCH_USER_PATHS = NO;
				CLANG_ANALYZER_NONNULL = YES;
				CLANG_ANALYZER_NUMBER_OBJECT_CONVERSION = YES_AGGRESSIVE;
				CLANG_CXX_LANGUAGE_STANDARD = "gnu++14";
				CLANG_CXX_LIBRARY = "libc++";
				CLANG_ENABLE_MODULES = YES;
				CLANG_ENABLE_OBJC_ARC = YES;
				CLANG_ENABLE_OBJC_WEAK = YES;
				CLANG_WARN_BLOCK_CAPTURE_AUTORELEASING = YES;
				CLANG_WARN_BOOL_CONVERSION = YES;
				CLANG_WARN_COMMA = YES;
				CLANG_WARN_CONSTANT_CONVERSION = YES;
				CLANG_WARN_DEPRECATED_OBJC_IMPLEMENTATIONS = YES;
				CLANG_WARN_DIRECT_OBJC_ISA_USAGE = YES_ERROR;
				CLANG_WARN_DOCUMENTATION_COMMENTS = YES;
				CLANG_WARN_EMPTY_BODY = YES;
				CLANG_WARN_ENUM_CONVERSION = YES;
				CLANG_WARN_INFINITE_RECURSION = YES;
				CLANG_WARN_INT_CONVERSION = YES;
				CLANG_WARN_NON_LITERAL_NULL_CONVERSION = YES;
				CLANG_WARN_OBJC_IMPLICIT_RETAIN_SELF = YES;
				CLANG_WARN_OBJC_LITERAL_CONVERSION = YES;
				CLANG_WARN_OBJC_ROOT_CLASS = YES_ERROR;
				CLANG_WARN_RANGE_LOOP_ANALYSIS = YES;
				CLANG_WARN_STRICT_PROTOTYPES = YES;
				CLANG_WARN_SUSPICIOUS_MOVE = YES;
				CLANG_WARN_UNGUARDED_AVAILABILITY = YES_AGGRESSIVE;
				CLANG_WARN_UNREACHABLE_CODE = YES;
				CLANG_WARN__DUPLICATE_METHOD_MATCH = YES;
				CODE_SIGN_IDENTITY = "iPhone Developer";
				COPY_PHASE_STRIP = NO;
				DEBUG_INFORMATION_FORMAT = "dwarf-with-dsym";
				ENABLE_NS_ASSERTIONS = NO;
				ENABLE_STRICT_OBJC_MSGSEND = YES;
				GCC_C_LANGUAGE_STANDARD = gnu11;
				GCC_NO_COMMON_BLOCKS = YES;
				GCC_WARN_64_TO_32_BIT_CONVERSION = YES;
				GCC_WARN_ABOUT_RETURN_TYPE = YES_ERROR;
				GCC_WARN_UNDECLARED_SELECTOR = YES;
				GCC_WARN_UNINITIALIZED_AUTOS = YES_AGGRESSIVE;
				GCC_WARN_UNUSED_FUNCTION = YES;
				GCC_WARN_UNUSED_VARIABLE = YES;
				IPHONEOS_DEPLOYMENT_TARGET = 12.1;
				MTL_ENABLE_DEBUG_INFO = NO;
				MTL_FAST_MATH = YES;
				SDKROOT = iphoneos;
				SWIFT_COMPILATION_MODE = wholemodule;
				SWIFT_OPTIMIZATION_LEVEL = "-O";
				VALIDATE_PRODUCT = YES;
			};
			name = Release;
		};
		E47042B0221D49A200472DE1 /* Debug */ = {
			isa = XCBuildConfiguration;
			baseConfigurationReference = BFC96A3841ACACB1BCD4F7C0 /* Pods-octave_client_tv.debug.xcconfig */;
			buildSettings = {
				ASSETCATALOG_COMPILER_APPICON_NAME = AppIcon;
				CODE_SIGN_STYLE = Automatic;
				DEVELOPMENT_TEAM = 54PCF2T5ZE;
				INFOPLIST_FILE = octave_client_tv/Info.plist;
				LD_RUNPATH_SEARCH_PATHS = (
					"$(inherited)",
					"@executable_path/Frameworks",
				);
				PRODUCT_BUNDLE_IDENTIFIER = "theo.pazzaglia.octave-client-tv";
				PRODUCT_NAME = "$(TARGET_NAME)";
				SWIFT_VERSION = 4.2;
				TARGETED_DEVICE_FAMILY = "1,2";
			};
			name = Debug;
		};
		E47042B1221D49A200472DE1 /* Release */ = {
			isa = XCBuildConfiguration;
			baseConfigurationReference = CA9C46E75F82FD739A70F26C /* Pods-octave_client_tv.release.xcconfig */;
			buildSettings = {
				ASSETCATALOG_COMPILER_APPICON_NAME = AppIcon;
				CODE_SIGN_STYLE = Automatic;
				DEVELOPMENT_TEAM = 54PCF2T5ZE;
				INFOPLIST_FILE = octave_client_tv/Info.plist;
				LD_RUNPATH_SEARCH_PATHS = (
					"$(inherited)",
					"@executable_path/Frameworks",
				);
				PRODUCT_BUNDLE_IDENTIFIER = "theo.pazzaglia.octave-client-tv";
				PRODUCT_NAME = "$(TARGET_NAME)";
				SWIFT_VERSION = 4.2;
				TARGETED_DEVICE_FAMILY = "1,2";
			};
			name = Release;
		};
		E47042B3221D49A200472DE1 /* Debug */ = {
			isa = XCBuildConfiguration;
			baseConfigurationReference = 5A292D4A02B2F50DABBC4515 /* Pods-octave_client_tvTests.debug.xcconfig */;
			buildSettings = {
				ALWAYS_EMBED_SWIFT_STANDARD_LIBRARIES = YES;
				BUNDLE_LOADER = "$(TEST_HOST)";
				CODE_SIGN_STYLE = Automatic;
				INFOPLIST_FILE = octave_client_tvTests/Info.plist;
				LD_RUNPATH_SEARCH_PATHS = (
					"$(inherited)",
					"@executable_path/Frameworks",
					"@loader_path/Frameworks",
				);
				PRODUCT_BUNDLE_IDENTIFIER = "theo.pazzaglia.octave-client-tvTests";
				PRODUCT_NAME = "$(TARGET_NAME)";
				SWIFT_VERSION = 4.2;
				TARGETED_DEVICE_FAMILY = "1,2";
				TEST_HOST = "$(BUILT_PRODUCTS_DIR)/octave_client_tv.app/octave_client_tv";
			};
			name = Debug;
		};
		E47042B4221D49A200472DE1 /* Release */ = {
			isa = XCBuildConfiguration;
			baseConfigurationReference = F044E80123CA5CF1EE71EEAE /* Pods-octave_client_tvTests.release.xcconfig */;
			buildSettings = {
				ALWAYS_EMBED_SWIFT_STANDARD_LIBRARIES = YES;
				BUNDLE_LOADER = "$(TEST_HOST)";
				CODE_SIGN_STYLE = Automatic;
				INFOPLIST_FILE = octave_client_tvTests/Info.plist;
				LD_RUNPATH_SEARCH_PATHS = (
					"$(inherited)",
					"@executable_path/Frameworks",
					"@loader_path/Frameworks",
				);
				PRODUCT_BUNDLE_IDENTIFIER = "theo.pazzaglia.octave-client-tvTests";
				PRODUCT_NAME = "$(TARGET_NAME)";
				SWIFT_VERSION = 4.2;
				TARGETED_DEVICE_FAMILY = "1,2";
				TEST_HOST = "$(BUILT_PRODUCTS_DIR)/octave_client_tv.app/octave_client_tv";
			};
			name = Release;
		};
/* End XCBuildConfiguration section */

/* Begin XCConfigurationList section */
		E470428D221D49A100472DE1 /* Build configuration list for PBXProject "octave_client_tv" */ = {
			isa = XCConfigurationList;
			buildConfigurations = (
				E47042AD221D49A200472DE1 /* Debug */,
				E47042AE221D49A200472DE1 /* Release */,
			);
			defaultConfigurationIsVisible = 0;
			defaultConfigurationName = Release;
		};
		E47042AF221D49A200472DE1 /* Build configuration list for PBXNativeTarget "octave_client_tv" */ = {
			isa = XCConfigurationList;
			buildConfigurations = (
				E47042B0221D49A200472DE1 /* Debug */,
				E47042B1221D49A200472DE1 /* Release */,
			);
			defaultConfigurationIsVisible = 0;
			defaultConfigurationName = Release;
		};
		E47042B2221D49A200472DE1 /* Build configuration list for PBXNativeTarget "octave_client_tvTests" */ = {
			isa = XCConfigurationList;
			buildConfigurations = (
				E47042B3221D49A200472DE1 /* Debug */,
				E47042B4221D49A200472DE1 /* Release */,
			);
			defaultConfigurationIsVisible = 0;
			defaultConfigurationName = Release;
		};
/* End XCConfigurationList section */
	};
	rootObject = E470428A221D49A100472DE1 /* Project object */;
}
